// !$*UTF8*$!
{
	archiveVersion = 1;
	classes = {
	};
	objectVersion = 48;
	objects = {

/* Begin PBXBuildFile section */
		521A853B1FA9A0AE00456389 /* AppDelegate.swift in Sources */ = {isa = PBXBuildFile; fileRef = 521A853A1FA9A0AE00456389 /* AppDelegate.swift */; };
		521A853D1FA9A0AE00456389 /* LandinhViewConroller.swift in Sources */ = {isa = PBXBuildFile; fileRef = 521A853C1FA9A0AE00456389 /* LandinhViewConroller.swift */; };
		521A85401FA9A0AE00456389 /* Main.storyboard in Resources */ = {isa = PBXBuildFile; fileRef = 521A853E1FA9A0AE00456389 /* Main.storyboard */; };
		521A85421FA9A0AE00456389 /* Assets.xcassets in Resources */ = {isa = PBXBuildFile; fileRef = 521A85411FA9A0AE00456389 /* Assets.xcassets */; };
		521A85451FA9A0AE00456389 /* LaunchScreen.storyboard in Resources */ = {isa = PBXBuildFile; fileRef = 521A85431FA9A0AE00456389 /* LaunchScreen.storyboard */; };
		521A85501FA9A0AE00456389 /* HelloWorldTests.swift in Sources */ = {isa = PBXBuildFile; fileRef = 521A854F1FA9A0AE00456389 /* HelloWorldTests.swift */; };
		521A855B1FA9A0AE00456389 /* HelloWorldUITests.swift in Sources */ = {isa = PBXBuildFile; fileRef = 521A855A1FA9A0AE00456389 /* HelloWorldUITests.swift */; };
/* End PBXBuildFile section */

/* Begin PBXContainerItemProxy section */
		521A854C1FA9A0AE00456389 /* PBXContainerItemProxy */ = {
			isa = PBXContainerItemProxy;
			containerPortal = 521A852F1FA9A0AE00456389 /* Project object */;
			proxyType = 1;
			remoteGlobalIDString = 521A85361FA9A0AE00456389;
			remoteInfo = HelloWorld;
		};
		521A85571FA9A0AE00456389 /* PBXContainerItemProxy */ = {
			isa = PBXContainerItemProxy;
			containerPortal = 521A852F1FA9A0AE00456389 /* Project object */;
			proxyType = 1;
			remoteGlobalIDString = 521A85361FA9A0AE00456389;
			remoteInfo = HelloWorld;
		};
/* End PBXContainerItemProxy section */

/* Begin PBXFileReference section */
		521A85371FA9A0AE00456389 /* HelloWorld.app */ = {isa = PBXFileReference; explicitFileType = wrapper.application; includeInIndex = 0; path = HelloWorld.app; sourceTree = BUILT_PRODUCTS_DIR; };
		521A853A1FA9A0AE00456389 /* AppDelegate.swift */ = {isa = PBXFileReference; lastKnownFileType = sourcecode.swift; path = AppDelegate.swift; sourceTree = "<group>"; };
		521A853C1FA9A0AE00456389 /* LandinhViewConroller.swift */ = {isa = PBXFileReference; lastKnownFileType = sourcecode.swift; path = LandinhViewConroller.swift; sourceTree = "<group>"; };
		521A853F1FA9A0AE00456389 /* Base */ = {isa = PBXFileReference; lastKnownFileType = file.storyboard; name = Base; path = Base.lproj/Main.storyboard; sourceTree = "<group>"; };
		521A85411FA9A0AE00456389 /* Assets.xcassets */ = {isa = PBXFileReference; lastKnownFileType = folder.assetcatalog; path = Assets.xcassets; sourceTree = "<group>"; };
		521A85441FA9A0AE00456389 /* Base */ = {isa = PBXFileReference; lastKnownFileType = file.storyboard; name = Base; path = Base.lproj/LaunchScreen.storyboard; sourceTree = "<group>"; };
		521A85461FA9A0AE00456389 /* Info.plist */ = {isa = PBXFileReference; lastKnownFileType = text.plist.xml; path = Info.plist; sourceTree = "<group>"; };
		521A854B1FA9A0AE00456389 /* HelloWorldTests.xctest */ = {isa = PBXFileReference; explicitFileType = wrapper.cfbundle; includeInIndex = 0; path = HelloWorldTests.xctest; sourceTree = BUILT_PRODUCTS_DIR; };
		521A854F1FA9A0AE00456389 /* HelloWorldTests.swift */ = {isa = PBXFileReference; lastKnownFileType = sourcecode.swift; path = HelloWorldTests.swift; sourceTree = "<group>"; };
		521A85511FA9A0AE00456389 /* Info.plist */ = {isa = PBXFileReference; lastKnownFileType = text.plist.xml; path = Info.plist; sourceTree = "<group>"; };
		521A85561FA9A0AE00456389 /* HelloWorldUITests.xctest */ = {isa = PBXFileReference; explicitFileType = wrapper.cfbundle; includeInIndex = 0; path = HelloWorldUITests.xctest; sourceTree = BUILT_PRODUCTS_DIR; };
		521A855A1FA9A0AE00456389 /* HelloWorldUITests.swift */ = {isa = PBXFileReference; lastKnownFileType = sourcecode.swift; path = HelloWorldUITests.swift; sourceTree = "<group>"; };
		521A855C1FA9A0AE00456389 /* Info.plist */ = {isa = PBXFileReference; lastKnownFileType = text.plist.xml; path = Info.plist; sourceTree = "<group>"; };
/* End PBXFileReference section */

/* Begin PBXFrameworksBuildPhase section */
		521A85341FA9A0AE00456389 /* Frameworks */ = {
			isa = PBXFrameworksBuildPhase;
			buildActionMask = 2147483647;
			files = (
			);
			runOnlyForDeploymentPostprocessing = 0;
		};
		521A85481FA9A0AE00456389 /* Frameworks */ = {
			isa = PBXFrameworksBuildPhase;
			buildActionMask = 2147483647;
			files = (
			);
			runOnlyForDeploymentPostprocessing = 0;
		};
		521A85531FA9A0AE00456389 /* Frameworks */ = {
			isa = PBXFrameworksBuildPhase;
			buildActionMask = 2147483647;
			files = (
			);
			runOnlyForDeploymentPostprocessing = 0;
		};
/* End PBXFrameworksBuildPhase section */

/* Begin PBXGroup section */
		521A852E1FA9A0AE00456389 = {
			isa = PBXGroup;
			children = (
				521A85391FA9A0AE00456389 /* HelloWorld */,
				521A854E1FA9A0AE00456389 /* HelloWorldTests */,
				521A85591FA9A0AE00456389 /* HelloWorldUITests */,
				521A85381FA9A0AE00456389 /* Products */,
			);
			sourceTree = "<group>";
		};
		521A85381FA9A0AE00456389 /* Products */ = {
			isa = PBXGroup;
			children = (
				521A85371FA9A0AE00456389 /* HelloWorld.app */,
				521A854B1FA9A0AE00456389 /* HelloWorldTests.xctest */,
				521A85561FA9A0AE00456389 /* HelloWorldUITests.xctest */,
			);
			name = Products;
			sourceTree = "<group>";
		};
		521A85391FA9A0AE00456389 /* HelloWorld */ = {
			isa = PBXGroup;
			children = (
				521A853A1FA9A0AE00456389 /* AppDelegate.swift */,
				521A853C1FA9A0AE00456389 /* LandinhViewConroller.swift */,
				521A853E1FA9A0AE00456389 /* Main.storyboard */,
				521A85411FA9A0AE00456389 /* Assets.xcassets */,
				521A85431FA9A0AE00456389 /* LaunchScreen.storyboard */,
				521A85461FA9A0AE00456389 /* Info.plist */,
			);
			path = HelloWorld;
			sourceTree = "<group>";
		};
		521A854E1FA9A0AE00456389 /* HelloWorldTests */ = {
			isa = PBXGroup;
			children = (
				521A854F1FA9A0AE00456389 /* HelloWorldTests.swift */,
				521A85511FA9A0AE00456389 /* Info.plist */,
			);
			path = HelloWorldTests;
			sourceTree = "<group>";
		};
		521A85591FA9A0AE00456389 /* HelloWorldUITests */ = {
			isa = PBXGroup;
			children = (
				521A855A1FA9A0AE00456389 /* HelloWorldUITests.swift */,
				521A855C1FA9A0AE00456389 /* Info.plist */,
			);
			path = HelloWorldUITests;
			sourceTree = "<group>";
		};
/* End PBXGroup section */

/* Begin PBXNativeTarget section */
		521A85361FA9A0AE00456389 /* HelloWorld */ = {
			isa = PBXNativeTarget;
			buildConfigurationList = 521A855F1FA9A0AE00456389 /* Build configuration list for PBXNativeTarget "HelloWorld" */;
			buildPhases = (
				521A85331FA9A0AE00456389 /* Sources */,
				521A85341FA9A0AE00456389 /* Frameworks */,
				521A85351FA9A0AE00456389 /* Resources */,
			);
			buildRules = (
			);
			dependencies = (
			);
			name = HelloWorld;
			productName = HelloWorld;
			productReference = 521A85371FA9A0AE00456389 /* HelloWorld.app */;
			productType = "com.apple.product-type.application";
		};
		521A854A1FA9A0AE00456389 /* HelloWorldTests */ = {
			isa = PBXNativeTarget;
			buildConfigurationList = 521A85621FA9A0AE00456389 /* Build configuration list for PBXNativeTarget "HelloWorldTests" */;
			buildPhases = (
				521A85471FA9A0AE00456389 /* Sources */,
				521A85481FA9A0AE00456389 /* Frameworks */,
				521A85491FA9A0AE00456389 /* Resources */,
			);
			buildRules = (
			);
			dependencies = (
				521A854D1FA9A0AE00456389 /* PBXTargetDependency */,
			);
			name = HelloWorldTests;
			productName = HelloWorldTests;
			productReference = 521A854B1FA9A0AE00456389 /* HelloWorldTests.xctest */;
			productType = "com.apple.product-type.bundle.unit-test";
		};
		521A85551FA9A0AE00456389 /* HelloWorldUITests */ = {
			isa = PBXNativeTarget;
			buildConfigurationList = 521A85651FA9A0AE00456389 /* Build configuration list for PBXNativeTarget "HelloWorldUITests" */;
			buildPhases = (
				521A85521FA9A0AE00456389 /* Sources */,
				521A85531FA9A0AE00456389 /* Frameworks */,
				521A85541FA9A0AE00456389 /* Resources */,
			);
			buildRules = (
			);
			dependencies = (
				521A85581FA9A0AE00456389 /* PBXTargetDependency */,
			);
			name = HelloWorldUITests;
			productName = HelloWorldUITests;
			productReference = 521A85561FA9A0AE00456389 /* HelloWorldUITests.xctest */;
			productType = "com.apple.product-type.bundle.ui-testing";
		};
/* End PBXNativeTarget section */

/* Begin PBXProject section */
		521A852F1FA9A0AE00456389 /* Project object */ = {
			isa = PBXProject;
			attributes = {
				LastSwiftUpdateCheck = 0900;
				LastUpgradeCheck = 0900;
				ORGANIZATIONNAME = "Test ";
				TargetAttributes = {
					521A85361FA9A0AE00456389 = {
						CreatedOnToolsVersion = 9.0.1;
						ProvisioningStyle = Automatic;
					};
					521A854A1FA9A0AE00456389 = {
						CreatedOnToolsVersion = 9.0.1;
						ProvisioningStyle = Automatic;
						TestTargetID = 521A85361FA9A0AE00456389;
					};
					521A85551FA9A0AE00456389 = {
						CreatedOnToolsVersion = 9.0.1;
						ProvisioningStyle = Automatic;
						TestTargetID = 521A85361FA9A0AE00456389;
					};
				};
			};
			buildConfigurationList = 521A85321FA9A0AE00456389 /* Build configuration list for PBXProject "HelloWorld" */;
			compatibilityVersion = "Xcode 8.0";
			developmentRegion = en;
			hasScannedForEncodings = 0;
			knownRegions = (
				en,
				Base,
			);
			mainGroup = 521A852E1FA9A0AE00456389;
			productRefGroup = 521A85381FA9A0AE00456389 /* Products */;
			projectDirPath = "";
			projectRoot = "";
			targets = (
				521A85361FA9A0AE00456389 /* HelloWorld */,
				521A854A1FA9A0AE00456389 /* HelloWorldTests */,
				521A85551FA9A0AE00456389 /* HelloWorldUITests */,
			);
		};
/* End PBXProject section */

/* Begin PBXResourcesBuildPhase section */
		521A85351FA9A0AE00456389 /* Resources */ = {
			isa = PBXResourcesBuildPhase;
			buildActionMask = 2147483647;
			files = (
				521A85451FA9A0AE00456389 /* LaunchScreen.storyboard in Resources */,
				521A85421FA9A0AE00456389 /* Assets.xcassets in Resources */,
				521A85401FA9A0AE00456389 /* Main.storyboard in Resources */,
			);
			runOnlyForDeploymentPostprocessing = 0;
		};
		521A85491FA9A0AE00456389 /* Resources */ = {
			isa = PBXResourcesBuildPhase;
			buildActionMask = 2147483647;
			files = (
			);
			runOnlyForDeploymentPostprocessing = 0;
		};
		521A85541FA9A0AE00456389 /* Resources */ = {
			isa = PBXResourcesBuildPhase;
			buildActionMask = 2147483647;
			files = (
			);
			runOnlyForDeploymentPostprocessing = 0;
		};
/* End PBXResourcesBuildPhase section */

/* Begin PBXSourcesBuildPhase section */
		521A85331FA9A0AE00456389 /* Sources */ = {
			isa = PBXSourcesBuildPhase;
			buildActionMask = 2147483647;
			files = (
				521A853D1FA9A0AE00456389 /* LandinhViewConroller.swift in Sources */,
				521A853B1FA9A0AE00456389 /* AppDelegate.swift in Sources */,
			);
			runOnlyForDeploymentPostprocessing = 0;
		};
		521A85471FA9A0AE00456389 /* Sources */ = {
			isa = PBXSourcesBuildPhase;
			buildActionMask = 2147483647;
			files = (
				521A85501FA9A0AE00456389 /* HelloWorldTests.swift in Sources */,
			);
			runOnlyForDeploymentPostprocessing = 0;
		};
		521A85521FA9A0AE00456389 /* Sources */ = {
			isa = PBXSourcesBuildPhase;
			buildActionMask = 2147483647;
			files = (
				521A855B1FA9A0AE00456389 /* HelloWorldUITests.swift in Sources */,
			);
			runOnlyForDeploymentPostprocessing = 0;
		};
/* End PBXSourcesBuildPhase section */

/* Begin PBXTargetDependency section */
		521A854D1FA9A0AE00456389 /* PBXTargetDependency */ = {
			isa = PBXTargetDependency;
			target = 521A85361FA9A0AE00456389 /* HelloWorld */;
			targetProxy = 521A854C1FA9A0AE00456389 /* PBXContainerItemProxy */;
		};
		521A85581FA9A0AE00456389 /* PBXTargetDependency */ = {
			isa = PBXTargetDependency;
			target = 521A85361FA9A0AE00456389 /* HelloWorld */;
			targetProxy = 521A85571FA9A0AE00456389 /* PBXContainerItemProxy */;
		};
/* End PBXTargetDependency section */

/* Begin PBXVariantGroup section */
		521A853E1FA9A0AE00456389 /* Main.storyboard */ = {
			isa = PBXVariantGroup;
			children = (
				521A853F1FA9A0AE00456389 /* Base */,
			);
			name = Main.storyboard;
			sourceTree = "<group>";
		};
		521A85431FA9A0AE00456389 /* LaunchScreen.storyboard */ = {
			isa = PBXVariantGroup;
			children = (
				521A85441FA9A0AE00456389 /* Base */,
			);
			name = LaunchScreen.storyboard;
			sourceTree = "<group>";
		};
/* End PBXVariantGroup section */

/* Begin XCBuildConfiguration section */
		521A855D1FA9A0AE00456389 /* Debug */ = {
			isa = XCBuildConfiguration;
			buildSettings = {
				ALWAYS_SEARCH_USER_PATHS = NO;
				CLANG_ANALYZER_NONNULL = YES;
				CLANG_ANALYZER_NUMBER_OBJECT_CONVERSION = YES_AGGRESSIVE;
				CLANG_CXX_LANGUAGE_STANDARD = "gnu++14";
				CLANG_CXX_LIBRARY = "libc++";
				CLANG_ENABLE_MODULES = YES;
				CLANG_ENABLE_OBJC_ARC = YES;
				CLANG_WARN_BLOCK_CAPTURE_AUTORELEASING = YES;
				CLANG_WARN_BOOL_CONVERSION = YES;
				CLANG_WARN_COMMA = YES;
				CLANG_WARN_CONSTANT_CONVERSION = YES;
				CLANG_WARN_DIRECT_OBJC_ISA_USAGE = YES_ERROR;
				CLANG_WARN_DOCUMENTATION_COMMENTS = YES;
				CLANG_WARN_EMPTY_BODY = YES;
				CLANG_WARN_ENUM_CONVERSION = YES;
				CLANG_WARN_INFINITE_RECURSION = YES;
				CLANG_WARN_INT_CONVERSION = YES;
				CLANG_WARN_NON_LITERAL_NULL_CONVERSION = YES;
				CLANG_WARN_OBJC_LITERAL_CONVERSION = YES;
				CLANG_WARN_OBJC_ROOT_CLASS = YES_ERROR;
				CLANG_WARN_RANGE_LOOP_ANALYSIS = YES;
				CLANG_WARN_STRICT_PROTOTYPES = YES;
				CLANG_WARN_SUSPICIOUS_MOVE = YES;
				CLANG_WARN_UNGUARDED_AVAILABILITY = YES_AGGRESSIVE;
				CLANG_WARN_UNREACHABLE_CODE = YES;
				CLANG_WARN__DUPLICATE_METHOD_MATCH = YES;
				CODE_SIGN_IDENTITY = "iPhone Developer";
				COPY_PHASE_STRIP = NO;
				DEBUG_INFORMATION_FORMAT = dwarf;
				ENABLE_STRICT_OBJC_MSGSEND = YES;
				ENABLE_TESTABILITY = YES;
				GCC_C_LANGUAGE_STANDARD = gnu11;
				GCC_DYNAMIC_NO_PIC = NO;
				GCC_NO_COMMON_BLOCKS = YES;
				GCC_OPTIMIZATION_LEVEL = 0;
				GCC_PREPROCESSOR_DEFINITIONS = (
					"DEBUG=1",
					"$(inherited)",
				);
				GCC_WARN_64_TO_32_BIT_CONVERSION = YES;
				GCC_WARN_ABOUT_RETURN_TYPE = YES_ERROR;
				GCC_WARN_UNDECLARED_SELECTOR = YES;
				GCC_WARN_UNINITIALIZED_AUTOS = YES_AGGRESSIVE;
				GCC_WARN_UNUSED_FUNCTION = YES;
				GCC_WARN_UNUSED_VARIABLE = YES;
				IPHONEOS_DEPLOYMENT_TARGET = 11.0;
				MTL_ENABLE_DEBUG_INFO = YES;
				ONLY_ACTIVE_ARCH = YES;
				SDKROOT = iphoneos;
				SWIFT_ACTIVE_COMPILATION_CONDITIONS = DEBUG;
				SWIFT_OPTIMIZATION_LEVEL = "-Onone";
			};
			name = Debug;
		};
		521A855E1FA9A0AE00456389 /* Release */ = {
			isa = XCBuildConfiguration;
			buildSettings = {
				ALWAYS_SEARCH_USER_PATHS = NO;
				CLANG_ANALYZER_NONNULL = YES;
				CLANG_ANALYZER_NUMBER_OBJECT_CONVERSION = YES_AGGRESSIVE;
				CLANG_CXX_LANGUAGE_STANDARD = "gnu++14";
				CLANG_CXX_LIBRARY = "libc++";
				CLANG_ENABLE_MODULES = YES;
				CLANG_ENABLE_OBJC_ARC = YES;
				CLANG_WARN_BLOCK_CAPTURE_AUTORELEASING = YES;
				CLANG_WARN_BOOL_CONVERSION = YES;
				CLANG_WARN_COMMA = YES;
				CLANG_WARN_CONSTANT_CONVERSION = YES;
				CLANG_WARN_DIRECT_OBJC_ISA_USAGE = YES_ERROR;
				CLANG_WARN_DOCUMENTATION_COMMENTS = YES;
				CLANG_WARN_EMPTY_BODY = YES;
				CLANG_WARN_ENUM_CONVERSION = YES;
				CLANG_WARN_INFINITE_RECURSION = YES;
				CLANG_WARN_INT_CONVERSION = YES;
				CLANG_WARN_NON_LITERAL_NULL_CONVERSION = YES;
				CLANG_WARN_OBJC_LITERAL_CONVERSION = YES;
				CLANG_WARN_OBJC_ROOT_CLASS = YES_ERROR;
				CLANG_WARN_RANGE_LOOP_ANALYSIS = YES;
				CLANG_WARN_STRICT_PROTOTYPES = YES;
				CLANG_WARN_SUSPICIOUS_MOVE = YES;
				CLANG_WARN_UNGUARDED_AVAILABILITY = YES_AGGRESSIVE;
				CLANG_WARN_UNREACHABLE_CODE = YES;
				CLANG_WARN__DUPLICATE_METHOD_MATCH = YES;
				CODE_SIGN_IDENTITY = "iPhone Developer";
				COPY_PHASE_STRIP = NO;
				DEBUG_INFORMATION_FORMAT = "dwarf-with-dsym";
				ENABLE_NS_ASSERTIONS = NO;
				ENABLE_STRICT_OBJC_MSGSEND = YES;
				GCC_C_LANGUAGE_STANDARD = gnu11;
				GCC_NO_COMMON_BLOCKS = YES;
				GCC_WARN_64_TO_32_BIT_CONVERSION = YES;
				GCC_WARN_ABOUT_RETURN_TYPE = YES_ERROR;
				GCC_WARN_UNDECLARED_SELECTOR = YES;
				GCC_WARN_UNINITIALIZED_AUTOS = YES_AGGRESSIVE;
				GCC_WARN_UNUSED_FUNCTION = YES;
				GCC_WARN_UNUSED_VARIABLE = YES;
				IPHONEOS_DEPLOYMENT_TARGET = 11.0;
				MTL_ENABLE_DEBUG_INFO = NO;
				SDKROOT = iphoneos;
				SWIFT_OPTIMIZATION_LEVEL = "-Owholemodule";
				VALIDATE_PRODUCT = YES;
			};
			name = Release;
		};
		521A85601FA9A0AE00456389 /* Debug */ = {
			isa = XCBuildConfiguration;
			buildSettings = {
				ASSETCATALOG_COMPILER_APPICON_NAME = AppIcon;
				CODE_SIGN_STYLE = Automatic;
				INFOPLIST_FILE = HelloWorld/Info.plist;
				LD_RUNPATH_SEARCH_PATHS = "$(inherited) @executable_path/Frameworks";
				PRODUCT_BUNDLE_IDENTIFIER = deloitte.HelloWorld;
				PRODUCT_NAME = "$(TARGET_NAME)";
				SWIFT_VERSION = 4.0;
				TARGETED_DEVICE_FAMILY = "1,2";
			};
			name = Debug;
		};
		521A85611FA9A0AE00456389 /* Release */ = {
			isa = XCBuildConfiguration;
			buildSettings = {
				ASSETCATALOG_COMPILER_APPICON_NAME = AppIcon;
				CODE_SIGN_STYLE = Automatic;
				INFOPLIST_FILE = HelloWorld/Info.plist;
				LD_RUNPATH_SEARCH_PATHS = "$(inherited) @executable_path/Frameworks";
				PRODUCT_BUNDLE_IDENTIFIER = deloitte.HelloWorld;
				PRODUCT_NAME = "$(TARGET_NAME)";
				SWIFT_VERSION = 4.0;
				TARGETED_DEVICE_FAMILY = "1,2";
			};
			name = Release;
		};
		521A85631FA9A0AE00456389 /* Debug */ = {
			isa = XCBuildConfiguration;
			buildSettings = {
				ALWAYS_EMBED_SWIFT_STANDARD_LIBRARIES = YES;
				BUNDLE_LOADER = "$(TEST_HOST)";
				CODE_SIGN_STYLE = Automatic;
				INFOPLIST_FILE = HelloWorldTests/Info.plist;
				LD_RUNPATH_SEARCH_PATHS = "$(inherited) @executable_path/Frameworks @loader_path/Frameworks";
				PRODUCT_BUNDLE_IDENTIFIER = deloitte.HelloWorldTests;
				PRODUCT_NAME = "$(TARGET_NAME)";
				SWIFT_VERSION = 4.0;
				TARGETED_DEVICE_FAMILY = "1,2";
				TEST_HOST = "$(BUILT_PRODUCTS_DIR)/HelloWorld.app/HelloWorld";
			};
			name = Debug;
		};
		521A85641FA9A0AE00456389 /* Release */ = {
			isa = XCBuildConfiguration;
			buildSettings = {
				ALWAYS_EMBED_SWIFT_STANDARD_LIBRARIES = YES;
				BUNDLE_LOADER = "$(TEST_HOST)";
				CODE_SIGN_STYLE = Automatic;
				INFOPLIST_FILE = HelloWorldTests/Info.plist;
				LD_RUNPATH_SEARCH_PATHS = "$(inherited) @executable_path/Frameworks @loader_path/Frameworks";
				PRODUCT_BUNDLE_IDENTIFIER = deloitte.HelloWorldTests;
				PRODUCT_NAME = "$(TARGET_NAME)";
				SWIFT_VERSION = 4.0;
				TARGETED_DEVICE_FAMILY = "1,2";
				TEST_HOST = "$(BUILT_PRODUCTS_DIR)/HelloWorld.app/HelloWorld";
			};
			name = Release;
		};
		521A85661FA9A0AE00456389 /* Debug */ = {
			isa = XCBuildConfiguration;
			buildSettings = {
				ALWAYS_EMBED_SWIFT_STANDARD_LIBRARIES = YES;
				CODE_SIGN_STYLE = Automatic;
				INFOPLIST_FILE = HelloWorldUITests/Info.plist;
				LD_RUNPATH_SEARCH_PATHS = "$(inherited) @executable_path/Frameworks @loader_path/Frameworks";
				PRODUCT_BUNDLE_IDENTIFIER = deloitte.HelloWorldUITests;
				PRODUCT_NAME = "$(TARGET_NAME)";
				SWIFT_VERSION = 4.0;
				TARGETED_DEVICE_FAMILY = "1,2";
				TEST_TARGET_NAME = HelloWorld;
			};
			name = Debug;
		};
		521A85671FA9A0AE00456389 /* Release */ = {
			isa = XCBuildConfiguration;
			buildSettings = {
				ALWAYS_EMBED_SWIFT_STANDARD_LIBRARIES = YES;
				CODE_SIGN_STYLE = Automatic;
				INFOPLIST_FILE = HelloWorldUITests/Info.plist;
				LD_RUNPATH_SEARCH_PATHS = "$(inherited) @executable_path/Frameworks @loader_path/Frameworks";
				PRODUCT_BUNDLE_IDENTIFIER = deloitte.HelloWorldUITests;
				PRODUCT_NAME = "$(TARGET_NAME)";
				SWIFT_VERSION = 4.0;
				TARGETED_DEVICE_FAMILY = "1,2";
				TEST_TARGET_NAME = HelloWorld;
			};
			name = Release;
		};
/* End XCBuildConfiguration section */

/* Begin XCConfigurationList section */
		521A85321FA9A0AE00456389 /* Build configuration list for PBXProject "HelloWorld" */ = {
			isa = XCConfigurationList;
			buildConfigurations = (
				521A855D1FA9A0AE00456389 /* Debug */,
				521A855E1FA9A0AE00456389 /* Release */,
			);
			defaultConfigurationIsVisible = 0;
			defaultConfigurationName = Release;
		};
		521A855F1FA9A0AE00456389 /* Build configuration list for PBXNativeTarget "HelloWorld" */ = {
			isa = XCConfigurationList;
			buildConfigurations = (
				521A85601FA9A0AE00456389 /* Debug */,
				521A85611FA9A0AE00456389 /* Release */,
			);
			defaultConfigurationIsVisible = 0;
			defaultConfigurationName = Release;
		};
		521A85621FA9A0AE00456389 /* Build configuration list for PBXNativeTarget "HelloWorldTests" */ = {
			isa = XCConfigurationList;
			buildConfigurations = (
				521A85631FA9A0AE00456389 /* Debug */,
				521A85641FA9A0AE00456389 /* Release */,
			);
			defaultConfigurationIsVisible = 0;
			defaultConfigurationName = Release;
		};
		521A85651FA9A0AE00456389 /* Build configuration list for PBXNativeTarget "HelloWorldUITests" */ = {
			isa = XCConfigurationList;
			buildConfigurations = (
				521A85661FA9A0AE00456389 /* Debug */,
				521A85671FA9A0AE00456389 /* Release */,
			);
			defaultConfigurationIsVisible = 0;
			defaultConfigurationName = Release;
		};
/* End XCConfigurationList section */
	};
	rootObject = 521A852F1FA9A0AE00456389 /* Project object */;
}
